Microsoft Visual Studio Solution File, Format Version 11.00
# Visual Studio 2008

Project("{99F0A899-6CE8-3DCB-E99E-28B9455CF088}") = "HoClash_remote", "Assembly-CSharp.csproj", "{8427F436-8BD3-D7F6-187A-492A4CE83BE0}"
EndProject
Global
	GlobalSection(SolutionConfigurationPlatforms) = preSolution
		Debug|Any CPU = Debug|Any CPU
		Release|Any CPU = Release|Any CPU
	EndGlobalSection
	GlobalSection(ProjectConfigurationPlatforms) = postSolution
		{8427F436-8BD3-D7F6-187A-492A4CE83BE0}.Debug|Any CPU.ActiveCfg = Debug|Any CPU
		{8427F436-8BD3-D7F6-187A-492A4CE83BE0}.Debug|Any CPU.Build.0 = Debug|Any CPU
		{8427F436-8BD3-D7F6-187A-492A4CE83BE0}.Release|Any CPU.ActiveCfg = Release|Any CPU
		{8427F436-8BD3-D7F6-187A-492A4CE83BE0}.Release|Any CPU.Build.0 = Release|Any CPU
	EndGlobalSection
	GlobalSection(SolutionProperties) = preSolution
		HideSolutionNode = FALSE
	EndGlobalSection
	GlobalSection(MonoDevelopProperties) = preSolution
		StartupItem = Assembly-CSharp.csproj
	EndGlobalSection
EndGlobal
