Microsoft Visual Studio Solution File, Format Version 11.00
# Visual Studio 2008

Project("{A1EFC918-2834-BE92-33D1-C2CAE6685A4C}") = "HoClash", "Assembly-CSharp.csproj", "{FE9E08E9-A103-EEA6-E0C2-5FEFC0ACE1D9}"
EndProject
Global
	GlobalSection(SolutionConfigurationPlatforms) = preSolution
		Debug|Any CPU = Debug|Any CPU
		Release|Any CPU = Release|Any CPU
	EndGlobalSection
	GlobalSection(ProjectConfigurationPlatforms) = postSolution
		{FE9E08E9-A103-EEA6-E0C2-5FEFC0ACE1D9}.Debug|Any CPU.ActiveCfg = Debug|Any CPU
		{FE9E08E9-A103-EEA6-E0C2-5FEFC0ACE1D9}.Debug|Any CPU.Build.0 = Debug|Any CPU
		{FE9E08E9-A103-EEA6-E0C2-5FEFC0ACE1D9}.Release|Any CPU.ActiveCfg = Release|Any CPU
		{FE9E08E9-A103-EEA6-E0C2-5FEFC0ACE1D9}.Release|Any CPU.Build.0 = Release|Any CPU
	EndGlobalSection
	GlobalSection(SolutionProperties) = preSolution
		HideSolutionNode = FALSE
	EndGlobalSection
	GlobalSection(MonoDevelopProperties) = preSolution
		StartupItem = Assembly-CSharp.csproj
	EndGlobalSection
EndGlobal
